// !$*UTF8*$!
{
	archiveVersion = 1;
	classes = {
	};
	objectVersion = 56;
	objects = {

/* Begin PBXBuildFile section */
		96C79AC52B98121F00AF5D8F /* HeartbeatSwiftUI Watch App.app in Embed Watch Content */ = {isa = PBXBuildFile; fileRef = 96C79AC42B98121F00AF5D8F /* HeartbeatSwiftUI Watch App.app */; settings = {ATTRIBUTES = (RemoveHeadersOnCopy, ); }; };
		96C79ACA2B98121F00AF5D8F /* HeartbeatSwiftUIApp.swift in Sources */ = {isa = PBXBuildFile; fileRef = 96C79AC92B98121F00AF5D8F /* HeartbeatSwiftUIApp.swift */; };
		96C79ACC2B98121F00AF5D8F /* ContentView.swift in Sources */ = {isa = PBXBuildFile; fileRef = 96C79ACB2B98121F00AF5D8F /* ContentView.swift */; };
		96C79ACE2B98122200AF5D8F /* Assets.xcassets in Resources */ = {isa = PBXBuildFile; fileRef = 96C79ACD2B98122200AF5D8F /* Assets.xcassets */; };
		96C79AD12B98122200AF5D8F /* Preview Assets.xcassets in Resources */ = {isa = PBXBuildFile; fileRef = 96C79AD02B98122200AF5D8F /* Preview Assets.xcassets */; };
/* End PBXBuildFile section */

/* Begin PBXContainerItemProxy section */
		96C79AC62B98121F00AF5D8F /* PBXContainerItemProxy */ = {
			isa = PBXContainerItemProxy;
			containerPortal = 96C79AB82B98121F00AF5D8F /* Project object */;
			proxyType = 1;
			remoteGlobalIDString = 96C79AC32B98121F00AF5D8F;
			remoteInfo = "HeartbeatSwiftUI Watch App";
		};
/* End PBXContainerItemProxy section */

/* Begin PBXCopyFilesBuildPhase section */
		96C79AD72B98122200AF5D8F /* Embed Watch Content */ = {
			isa = PBXCopyFilesBuildPhase;
			buildActionMask = 2147483647;
			dstPath = "$(CONTENTS_FOLDER_PATH)/Watch";
			dstSubfolderSpec = 16;
			files = (
				96C79AC52B98121F00AF5D8F /* HeartbeatSwiftUI Watch App.app in Embed Watch Content */,
			);
			name = "Embed Watch Content";
			runOnlyForDeploymentPostprocessing = 0;
		};
/* End PBXCopyFilesBuildPhase section */

/* Begin PBXFileReference section */
		96C79ABE2B98121F00AF5D8F /* HeartbeatSwiftUI.app */ = {isa = PBXFileReference; explicitFileType = wrapper.application; includeInIndex = 0; path = HeartbeatSwiftUI.app; sourceTree = BUILT_PRODUCTS_DIR; };
		96C79AC42B98121F00AF5D8F /* HeartbeatSwiftUI Watch App.app */ = {isa = PBXFileReference; explicitFileType = wrapper.application; includeInIndex = 0; path = "HeartbeatSwiftUI Watch App.app"; sourceTree = BUILT_PRODUCTS_DIR; };
		96C79AC92B98121F00AF5D8F /* HeartbeatSwiftUIApp.swift */ = {isa = PBXFileReference; lastKnownFileType = sourcecode.swift; path = HeartbeatSwiftUIApp.swift; sourceTree = "<group>"; };
		96C79ACB2B98121F00AF5D8F /* ContentView.swift */ = {isa = PBXFileReference; lastKnownFileType = sourcecode.swift; path = ContentView.swift; sourceTree = "<group>"; };
		96C79ACD2B98122200AF5D8F /* Assets.xcassets */ = {isa = PBXFileReference; lastKnownFileType = folder.assetcatalog; path = Assets.xcassets; sourceTree = "<group>"; };
		96C79AD02B98122200AF5D8F /* Preview Assets.xcassets */ = {isa = PBXFileReference; lastKnownFileType = folder.assetcatalog; path = "Preview Assets.xcassets"; sourceTree = "<group>"; };
/* End PBXFileReference section */

/* Begin PBXFrameworksBuildPhase section */
		96C79AC12B98121F00AF5D8F /* Frameworks */ = {
			isa = PBXFrameworksBuildPhase;
			buildActionMask = 2147483647;
			files = (
			);
			runOnlyForDeploymentPostprocessing = 0;
		};
/* End PBXFrameworksBuildPhase section */

/* Begin PBXGroup section */
		96C79AB72B98121F00AF5D8F = {
			isa = PBXGroup;
			children = (
				96C79AC82B98121F00AF5D8F /* HeartbeatSwiftUI Watch App */,
				96C79ABF2B98121F00AF5D8F /* Products */,
			);
			sourceTree = "<group>";
		};
		96C79ABF2B98121F00AF5D8F /* Products */ = {
			isa = PBXGroup;
			children = (
				96C79ABE2B98121F00AF5D8F /* HeartbeatSwiftUI.app */,
				96C79AC42B98121F00AF5D8F /* HeartbeatSwiftUI Watch App.app */,
			);
			name = Products;
			sourceTree = "<group>";
		};
		96C79AC82B98121F00AF5D8F /* HeartbeatSwiftUI Watch App */ = {
			isa = PBXGroup;
			children = (
				96C79AC92B98121F00AF5D8F /* HeartbeatSwiftUIApp.swift */,
				96C79ACB2B98121F00AF5D8F /* ContentView.swift */,
				96C79ACD2B98122200AF5D8F /* Assets.xcassets */,
				96C79ACF2B98122200AF5D8F /* Preview Content */,
			);
			path = "HeartbeatSwiftUI Watch App";
			sourceTree = "<group>";
		};
		96C79ACF2B98122200AF5D8F /* Preview Content */ = {
			isa = PBXGroup;
			children = (
				96C79AD02B98122200AF5D8F /* Preview Assets.xcassets */,
			);
			path = "Preview Content";
			sourceTree = "<group>";
		};
/* End PBXGroup section */

/* Begin PBXNativeTarget section */
		96C79ABD2B98121F00AF5D8F /* HeartbeatSwiftUI */ = {
			isa = PBXNativeTarget;
			buildConfigurationList = 96C79AD82B98122200AF5D8F /* Build configuration list for PBXNativeTarget "HeartbeatSwiftUI" */;
			buildPhases = (
				96C79ABC2B98121F00AF5D8F /* Resources */,
				96C79AD72B98122200AF5D8F /* Embed Watch Content */,
			);
			buildRules = (
			);
			dependencies = (
				96C79AC72B98121F00AF5D8F /* PBXTargetDependency */,
			);
			name = HeartbeatSwiftUI;
			productName = HeartbeatSwiftUI;
			productReference = 96C79ABE2B98121F00AF5D8F /* HeartbeatSwiftUI.app */;
			productType = "com.apple.product-type.application.watchapp2-container";
		};
		96C79AC32B98121F00AF5D8F /* HeartbeatSwiftUI Watch App */ = {
			isa = PBXNativeTarget;
			buildConfigurationList = 96C79AD42B98122200AF5D8F /* Build configuration list for PBXNativeTarget "HeartbeatSwiftUI Watch App" */;
			buildPhases = (
				96C79AC02B98121F00AF5D8F /* Sources */,
				96C79AC12B98121F00AF5D8F /* Frameworks */,
				96C79AC22B98121F00AF5D8F /* Resources */,
			);
			buildRules = (
			);
			dependencies = (
			);
			name = "HeartbeatSwiftUI Watch App";
			productName = "HeartbeatSwiftUI Watch App";
			productReference = 96C79AC42B98121F00AF5D8F /* HeartbeatSwiftUI Watch App.app */;
			productType = "com.apple.product-type.application";
		};
/* End PBXNativeTarget section */

/* Begin PBXProject section */
		96C79AB82B98121F00AF5D8F /* Project object */ = {
			isa = PBXProject;
			attributes = {
				BuildIndependentTargetsInParallel = 1;
				LastSwiftUpdateCheck = 1520;
				LastUpgradeCheck = 1520;
				TargetAttributes = {
					96C79ABD2B98121F00AF5D8F = {
						CreatedOnToolsVersion = 15.2;
					};
					96C79AC32B98121F00AF5D8F = {
						CreatedOnToolsVersion = 15.2;
					};
				};
			};
			buildConfigurationList = 96C79ABB2B98121F00AF5D8F /* Build configuration list for PBXProject "HeartbeatSwiftUI" */;
			compatibilityVersion = "Xcode 14.0";
			developmentRegion = en;
			hasScannedForEncodings = 0;
			knownRegions = (
				en,
				Base,
			);
			mainGroup = 96C79AB72B98121F00AF5D8F;
			productRefGroup = 96C79ABF2B98121F00AF5D8F /* Products */;
			projectDirPath = "";
			projectRoot = "";
			targets = (
				96C79ABD2B98121F00AF5D8F /* HeartbeatSwiftUI */,
				96C79AC32B98121F00AF5D8F /* HeartbeatSwiftUI Watch App */,
			);
		};
/* End PBXProject section */

/* Begin PBXResourcesBuildPhase section */
		96C79ABC2B98121F00AF5D8F /* Resources */ = {
			isa = PBXResourcesBuildPhase;
			buildActionMask = 2147483647;
			files = (
			);
			runOnlyForDeploymentPostprocessing = 0;
		};
		96C79AC22B98121F00AF5D8F /* Resources */ = {
			isa = PBXResourcesBuildPhase;
			buildActionMask = 2147483647;
			files = (
				96C79AD12B98122200AF5D8F /* Preview Assets.xcassets in Resources */,
				96C79ACE2B98122200AF5D8F /* Assets.xcassets in Resources */,
			);
			runOnlyForDeploymentPostprocessing = 0;
		};
/* End PBXResourcesBuildPhase section */

/* Begin PBXSourcesBuildPhase section */
		96C79AC02B98121F00AF5D8F /* Sources */ = {
			isa = PBXSourcesBuildPhase;
			buildActionMask = 2147483647;
			files = (
				96C79ACC2B98121F00AF5D8F /* ContentView.swift in Sources */,
				96C79ACA2B98121F00AF5D8F /* HeartbeatSwiftUIApp.swift in Sources */,
			);
			runOnlyForDeploymentPostprocessing = 0;
		};
/* End PBXSourcesBuildPhase section */

/* Begin PBXTargetDependency section */
		96C79AC72B98121F00AF5D8F /* PBXTargetDependency */ = {
			isa = PBXTargetDependency;
			target = 96C79AC32B98121F00AF5D8F /* HeartbeatSwiftUI Watch App */;
			targetProxy = 96C79AC62B98121F00AF5D8F /* PBXContainerItemProxy */;
		};
/* End PBXTargetDependency section */

/* Begin XCBuildConfiguration section */
		96C79AD22B98122200AF5D8F /* Debug */ = {
			isa = XCBuildConfiguration;
			buildSettings = {
				ALWAYS_SEARCH_USER_PATHS = NO;
				ASSETCATALOG_COMPILER_GENERATE_SWIFT_ASSET_SYMBOL_EXTENSIONS = YES;
				CLANG_ANALYZER_NONNULL = YES;
				CLANG_ANALYZER_NUMBER_OBJECT_CONVERSION = YES_AGGRESSIVE;
				CLANG_CXX_LANGUAGE_STANDARD = "gnu++20";
				CLANG_ENABLE_MODULES = YES;
				CLANG_ENABLE_OBJC_ARC = YES;
				CLANG_ENABLE_OBJC_WEAK = YES;
				CLANG_WARN_BLOCK_CAPTURE_AUTORELEASING = YES;
				CLANG_WARN_BOOL_CONVERSION = YES;
				CLANG_WARN_COMMA = YES;
				CLANG_WARN_CONSTANT_CONVERSION = YES;
				CLANG_WARN_DEPRECATED_OBJC_IMPLEMENTATIONS = YES;
				CLANG_WARN_DIRECT_OBJC_ISA_USAGE = YES_ERROR;
				CLANG_WARN_DOCUMENTATION_COMMENTS = YES;
				CLANG_WARN_EMPTY_BODY = YES;
				CLANG_WARN_ENUM_CONVERSION = YES;
				CLANG_WARN_INFINITE_RECURSION = YES;
				CLANG_WARN_INT_CONVERSION = YES;
				CLANG_WARN_NON_LITERAL_NULL_CONVERSION = YES;
				CLANG_WARN_OBJC_IMPLICIT_RETAIN_SELF = YES;
				CLANG_WARN_OBJC_LITERAL_CONVERSION = YES;
				CLANG_WARN_OBJC_ROOT_CLASS = YES_ERROR;
				CLANG_WARN_QUOTED_INCLUDE_IN_FRAMEWORK_HEADER = YES;
				CLANG_WARN_RANGE_LOOP_ANALYSIS = YES;
				CLANG_WARN_STRICT_PROTOTYPES = YES;
				CLANG_WARN_SUSPICIOUS_MOVE = YES;
				CLANG_WARN_UNGUARDED_AVAILABILITY = YES_AGGRESSIVE;
				CLANG_WARN_UNREACHABLE_CODE = YES;
				CLANG_WARN__DUPLICATE_METHOD_MATCH = YES;
				COPY_PHASE_STRIP = NO;
				DEBUG_INFORMATION_FORMAT = dwarf;
				ENABLE_STRICT_OBJC_MSGSEND = YES;
				ENABLE_TESTABILITY = YES;
				ENABLE_USER_SCRIPT_SANDBOXING = YES;
				GCC_C_LANGUAGE_STANDARD = gnu17;
				GCC_DYNAMIC_NO_PIC = NO;
				GCC_NO_COMMON_BLOCKS = YES;
				GCC_OPTIMIZATION_LEVEL = 0;
				GCC_PREPROCESSOR_DEFINITIONS = (
					"DEBUG=1",
					"$(inherited)",
				);
				GCC_WARN_64_TO_32_BIT_CONVERSION = YES;
				GCC_WARN_ABOUT_RETURN_TYPE = YES_ERROR;
				GCC_WARN_UNDECLARED_SELECTOR = YES;
				GCC_WARN_UNINITIALIZED_AUTOS = YES_AGGRESSIVE;
				GCC_WARN_UNUSED_FUNCTION = YES;
				GCC_WARN_UNUSED_VARIABLE = YES;
				LOCALIZATION_PREFERS_STRING_CATALOGS = YES;
				MTL_ENABLE_DEBUG_INFO = INCLUDE_SOURCE;
				MTL_FAST_MATH = YES;
				ONLY_ACTIVE_ARCH = YES;
				SWIFT_ACTIVE_COMPILATION_CONDITIONS = "DEBUG $(inherited)";
				SWIFT_OPTIMIZATION_LEVEL = "-Onone";
			};
			name = Debug;
		};
		96C79AD32B98122200AF5D8F /* Release */ = {
			isa = XCBuildConfiguration;
			buildSettings = {
				ALWAYS_SEARCH_USER_PATHS = NO;
				ASSETCATALOG_COMPILER_GENERATE_SWIFT_ASSET_SYMBOL_EXTENSIONS = YES;
				CLANG_ANALYZER_NONNULL = YES;
				CLANG_ANALYZER_NUMBER_OBJECT_CONVERSION = YES_AGGRESSIVE;
				CLANG_CXX_LANGUAGE_STANDARD = "gnu++20";
				CLANG_ENABLE_MODULES = YES;
				CLANG_ENABLE_OBJC_ARC = YES;
				CLANG_ENABLE_OBJC_WEAK = YES;
				CLANG_WARN_BLOCK_CAPTURE_AUTORELEASING = YES;
				CLANG_WARN_BOOL_CONVERSION = YES;
				CLANG_WARN_COMMA = YES;
				CLANG_WARN_CONSTANT_CONVERSION = YES;
				CLANG_WARN_DEPRECATED_OBJC_IMPLEMENTATIONS = YES;
				CLANG_WARN_DIRECT_OBJC_ISA_USAGE = YES_ERROR;
				CLANG_WARN_DOCUMENTATION_COMMENTS = YES;
				CLANG_WARN_EMPTY_BODY = YES;
				CLANG_WARN_ENUM_CONVERSION = YES;
				CLANG_WARN_INFINITE_RECURSION = YES;
				CLANG_WARN_INT_CONVERSION = YES;
				CLANG_WARN_NON_LITERAL_NULL_CONVERSION = YES;
				CLANG_WARN_OBJC_IMPLICIT_RETAIN_SELF = YES;
				CLANG_WARN_OBJC_LITERAL_CONVERSION = YES;
				CLANG_WARN_OBJC_ROOT_CLASS = YES_ERROR;
				CLANG_WARN_QUOTED_INCLUDE_IN_FRAMEWORK_HEADER = YES;
				CLANG_WARN_RANGE_LOOP_ANALYSIS = YES;
				CLANG_WARN_STRICT_PROTOTYPES = YES;
				CLANG_WARN_SUSPICIOUS_MOVE = YES;
				CLANG_WARN_UNGUARDED_AVAILABILITY = YES_AGGRESSIVE;
				CLANG_WARN_UNREACHABLE_CODE = YES;
				CLANG_WARN__DUPLICATE_METHOD_MATCH = YES;
				COPY_PHASE_STRIP = NO;
				DEBUG_INFORMATION_FORMAT = "dwarf-with-dsym";
				ENABLE_NS_ASSERTIONS = NO;
				ENABLE_STRICT_OBJC_MSGSEND = YES;
				ENABLE_USER_SCRIPT_SANDBOXING = YES;
				GCC_C_LANGUAGE_STANDARD = gnu17;
				GCC_NO_COMMON_BLOCKS = YES;
				GCC_WARN_64_TO_32_BIT_CONVERSION = YES;
				GCC_WARN_ABOUT_RETURN_TYPE = YES_ERROR;
				GCC_WARN_UNDECLARED_SELECTOR = YES;
				GCC_WARN_UNINITIALIZED_AUTOS = YES_AGGRESSIVE;
				GCC_WARN_UNUSED_FUNCTION = YES;
				GCC_WARN_UNUSED_VARIABLE = YES;
				LOCALIZATION_PREFERS_STRING_CATALOGS = YES;
				MTL_ENABLE_DEBUG_INFO = NO;
				MTL_FAST_MATH = YES;
				SWIFT_COMPILATION_MODE = wholemodule;
			};
			name = Release;
		};
		96C79AD52B98122200AF5D8F /* Debug */ = {
			isa = XCBuildConfiguration;
			buildSettings = {
				ASSETCATALOG_COMPILER_APPICON_NAME = AppIcon;
				ASSETCATALOG_COMPILER_GLOBAL_ACCENT_COLOR_NAME = AccentColor;
				CODE_SIGN_STYLE = Automatic;
				CURRENT_PROJECT_VERSION = 1;
				DEVELOPMENT_ASSET_PATHS = "\"HeartbeatSwiftUI Watch App/Preview Content\"";
				ENABLE_PREVIEWS = YES;
				GENERATE_INFOPLIST_FILE = YES;
				INFOPLIST_KEY_CFBundleDisplayName = HeartbeatSwiftUI;
				INFOPLIST_KEY_UISupportedInterfaceOrientations = "UIInterfaceOrientationPortrait UIInterfaceOrientationPortraitUpsideDown";
				INFOPLIST_KEY_WKWatchOnly = YES;
				LD_RUNPATH_SEARCH_PATHS = (
					"$(inherited)",
					"@executable_path/Frameworks",
				);
				MARKETING_VERSION = 1.0;
				PRODUCT_BUNDLE_IDENTIFIER = com.mayuri.HeartbeatSwiftUI.watchkitapp;
				PRODUCT_NAME = "$(TARGET_NAME)";
				SDKROOT = watchos;
				SKIP_INSTALL = YES;
				SWIFT_EMIT_LOC_STRINGS = YES;
				SWIFT_VERSION = 5.0;
				TARGETED_DEVICE_FAMILY = 4;
				WATCHOS_DEPLOYMENT_TARGET = 10.2;
			};
			name = Debug;
		};
		96C79AD62B98122200AF5D8F /* Release */ = {
			isa = XCBuildConfiguration;
			buildSettings = {
				ASSETCATALOG_COMPILER_APPICON_NAME = AppIcon;
				ASSETCATALOG_COMPILER_GLOBAL_ACCENT_COLOR_NAME = AccentColor;
				CODE_SIGN_STYLE = Automatic;
				CURRENT_PROJECT_VERSION = 1;
				DEVELOPMENT_ASSET_PATHS = "\"HeartbeatSwiftUI Watch App/Preview Content\"";
				ENABLE_PREVIEWS = YES;
				GENERATE_INFOPLIST_FILE = YES;
				INFOPLIST_KEY_CFBundleDisplayName = HeartbeatSwiftUI;
				INFOPLIST_KEY_UISupportedInterfaceOrientations = "UIInterfaceOrientationPortrait UIInterfaceOrientationPortraitUpsideDown";
				INFOPLIST_KEY_WKWatchOnly = YES;
				LD_RUNPATH_SEARCH_PATHS = (
					"$(inherited)",
					"@executable_path/Frameworks",
				);
				MARKETING_VERSION = 1.0;
				PRODUCT_BUNDLE_IDENTIFIER = com.mayuri.HeartbeatSwiftUI.watchkitapp;
				PRODUCT_NAME = "$(TARGET_NAME)";
				SDKROOT = watchos;
				SKIP_INSTALL = YES;
				SWIFT_EMIT_LOC_STRINGS = YES;
				SWIFT_VERSION = 5.0;
				TARGETED_DEVICE_FAMILY = 4;
				VALIDATE_PRODUCT = YES;
				WATCHOS_DEPLOYMENT_TARGET = 10.2;
			};
			name = Release;
		};
		96C79AD92B98122200AF5D8F /* Debug */ = {
			isa = XCBuildConfiguration;
			buildSettings = {
				ALWAYS_EMBED_SWIFT_STANDARD_LIBRARIES = YES;
				CODE_SIGN_STYLE = Automatic;
				CURRENT_PROJECT_VERSION = 1;
				INFOPLIST_KEY_CFBundleDisplayName = HeartbeatSwiftUI;
				MARKETING_VERSION = 1.0;
				PRODUCT_BUNDLE_IDENTIFIER = com.mayuri.HeartbeatSwiftUI;
				PRODUCT_NAME = "$(TARGET_NAME)";
				SDKROOT = iphoneos;
				SWIFT_VERSION = 5.0;
			};
			name = Debug;
		};
		96C79ADA2B98122200AF5D8F /* Release */ = {
			isa = XCBuildConfiguration;
			buildSettings = {
				ALWAYS_EMBED_SWIFT_STANDARD_LIBRARIES = YES;
				CODE_SIGN_STYLE = Automatic;
				CURRENT_PROJECT_VERSION = 1;
				INFOPLIST_KEY_CFBundleDisplayName = HeartbeatSwiftUI;
				MARKETING_VERSION = 1.0;
				PRODUCT_BUNDLE_IDENTIFIER = com.mayuri.HeartbeatSwiftUI;
				PRODUCT_NAME = "$(TARGET_NAME)";
				SDKROOT = iphoneos;
				SWIFT_VERSION = 5.0;
				VALIDATE_PRODUCT = YES;
			};
			name = Release;
		};
/* End XCBuildConfiguration section */

/* Begin XCConfigurationList section */
		96C79ABB2B98121F00AF5D8F /* Build configuration list for PBXProject "HeartbeatSwiftUI" */ = {
			isa = XCConfigurationList;
			buildConfigurations = (
				96C79AD22B98122200AF5D8F /* Debug */,
				96C79AD32B98122200AF5D8F /* Release */,
			);
			defaultConfigurationIsVisible = 0;
			defaultConfigurationName = Release;
		};
		96C79AD42B98122200AF5D8F /* Build configuration list for PBXNativeTarget "HeartbeatSwiftUI Watch App" */ = {
			isa = XCConfigurationList;
			buildConfigurations = (
				96C79AD52B98122200AF5D8F /* Debug */,
				96C79AD62B98122200AF5D8F /* Release */,
			);
			defaultConfigurationIsVisible = 0;
			defaultConfigurationName = Release;
		};
		96C79AD82B98122200AF5D8F /* Build configuration list for PBXNativeTarget "HeartbeatSwiftUI" */ = {
			isa = XCConfigurationList;
			buildConfigurations = (
				96C79AD92B98122200AF5D8F /* Debug */,
				96C79ADA2B98122200AF5D8F /* Release */,
			);
			defaultConfigurationIsVisible = 0;
			defaultConfigurationName = Release;
		};
/* End XCConfigurationList section */
	};
	rootObject = 96C79AB82B98121F00AF5D8F /* Project object */;
}
